// !$*UTF8*$!
{
	archiveVersion = 1;
	classes = {
	};
	objectVersion = 46;
	objects = {

/* Begin PBXBuildFile section */
		116599C10842C9A667FEF7F4 /* Pods_Any_Do.framework in Frameworks */ = {isa = PBXBuildFile; fileRef = 8C606817D3C82EF5277ED58F /* Pods_Any_Do.framework */; };
		24FB0FD0DC39C2F89F4ACE20 /* Pods_Any_DoUITests.framework in Frameworks */ = {isa = PBXBuildFile; fileRef = E946E2A657D1126A9B89BDBF /* Pods_Any_DoUITests.framework */; };
		61457BA71E0EF43C00209325 /* AppDelegate.swift in Sources */ = {isa = PBXBuildFile; fileRef = 61457BA61E0EF43C00209325 /* AppDelegate.swift */; };
		61457BA91E0EF43C00209325 /* ToDoTableViewController.swift in Sources */ = {isa = PBXBuildFile; fileRef = 61457BA81E0EF43C00209325 /* ToDoTableViewController.swift */; };
		61457BAC1E0EF43C00209325 /* Main.storyboard in Resources */ = {isa = PBXBuildFile; fileRef = 61457BAA1E0EF43C00209325 /* Main.storyboard */; };
		61457BAE1E0EF43C00209325 /* Assets.xcassets in Resources */ = {isa = PBXBuildFile; fileRef = 61457BAD1E0EF43C00209325 /* Assets.xcassets */; };
		61457BB11E0EF43C00209325 /* LaunchScreen.storyboard in Resources */ = {isa = PBXBuildFile; fileRef = 61457BAF1E0EF43C00209325 /* LaunchScreen.storyboard */; };
		61457BBC1E0EF43C00209325 /* Any_DoTests.swift in Sources */ = {isa = PBXBuildFile; fileRef = 61457BBB1E0EF43C00209325 /* Any_DoTests.swift */; };
		61457BC71E0EF43C00209325 /* Any_DoUITests.swift in Sources */ = {isa = PBXBuildFile; fileRef = 61457BC61E0EF43C00209325 /* Any_DoUITests.swift */; };
		61457BD61E0EF9D400209325 /* ToDo.swift in Sources */ = {isa = PBXBuildFile; fileRef = 61457BD51E0EF9D400209325 /* ToDo.swift */; };
		61457BDA1E0F1E2A00209325 /* ToDoTableViewCell.swift in Sources */ = {isa = PBXBuildFile; fileRef = 61457BD91E0F1E2A00209325 /* ToDoTableViewCell.swift */; };
		61457BDC1E0F1FDF00209325 /* ToDoList.swift in Sources */ = {isa = PBXBuildFile; fileRef = 61457BDB1E0F1FDF00209325 /* ToDoList.swift */; };
		61457BE21E0F2A7200209325 /* NewToDoViewController.swift in Sources */ = {isa = PBXBuildFile; fileRef = 61457BE11E0F2A7200209325 /* NewToDoViewController.swift */; };
		9FDE32920C2479689283A6C5 /* Pods_Any_DoTests.framework in Frameworks */ = {isa = PBXBuildFile; fileRef = 5A6CFAD467468A0C82024799 /* Pods_Any_DoTests.framework */; };
/* End PBXBuildFile section */

/* Begin PBXContainerItemProxy section */
		61457BB81E0EF43C00209325 /* PBXContainerItemProxy */ = {
			isa = PBXContainerItemProxy;
			containerPortal = 61457B9B1E0EF43C00209325 /* Project object */;
			proxyType = 1;
			remoteGlobalIDString = 61457BA21E0EF43C00209325;
			remoteInfo = Any.Do;
		};
		61457BC31E0EF43C00209325 /* PBXContainerItemProxy */ = {
			isa = PBXContainerItemProxy;
			containerPortal = 61457B9B1E0EF43C00209325 /* Project object */;
			proxyType = 1;
			remoteGlobalIDString = 61457BA21E0EF43C00209325;
			remoteInfo = Any.Do;
		};
/* End PBXContainerItemProxy section */

/* Begin PBXFileReference section */
		426A112D8D3B4AC5614D5BAA /* Pods-Any.DoUITests.debug.xcconfig */ = {isa = PBXFileReference; includeInIndex = 1; lastKnownFileType = text.xcconfig; name = "Pods-Any.DoUITests.debug.xcconfig"; path = "Pods/Target Support Files/Pods-Any.DoUITests/Pods-Any.DoUITests.debug.xcconfig"; sourceTree = "<group>"; };
		5A6CFAD467468A0C82024799 /* Pods_Any_DoTests.framework */ = {isa = PBXFileReference; explicitFileType = wrapper.framework; includeInIndex = 0; path = Pods_Any_DoTests.framework; sourceTree = BUILT_PRODUCTS_DIR; };
		61457BA31E0EF43C00209325 /* Any.Do.app */ = {isa = PBXFileReference; explicitFileType = wrapper.application; includeInIndex = 0; path = Any.Do.app; sourceTree = BUILT_PRODUCTS_DIR; };
		61457BA61E0EF43C00209325 /* AppDelegate.swift */ = {isa = PBXFileReference; lastKnownFileType = sourcecode.swift; path = AppDelegate.swift; sourceTree = "<group>"; };
		61457BA81E0EF43C00209325 /* ToDoTableViewController.swift */ = {isa = PBXFileReference; lastKnownFileType = sourcecode.swift; path = ToDoTableViewController.swift; sourceTree = "<group>"; };
		61457BAB1E0EF43C00209325 /* Base */ = {isa = PBXFileReference; lastKnownFileType = file.storyboard; name = Base; path = Base.lproj/Main.storyboard; sourceTree = "<group>"; };
		61457BAD1E0EF43C00209325 /* Assets.xcassets */ = {isa = PBXFileReference; lastKnownFileType = folder.assetcatalog; path = Assets.xcassets; sourceTree = "<group>"; };
		61457BB01E0EF43C00209325 /* Base */ = {isa = PBXFileReference; lastKnownFileType = file.storyboard; name = Base; path = Base.lproj/LaunchScreen.storyboard; sourceTree = "<group>"; };
		61457BB21E0EF43C00209325 /* Info.plist */ = {isa = PBXFileReference; lastKnownFileType = text.plist.xml; path = Info.plist; sourceTree = "<group>"; };
		61457BB71E0EF43C00209325 /* Any.DoTests.xctest */ = {isa = PBXFileReference; explicitFileType = wrapper.cfbundle; includeInIndex = 0; path = Any.DoTests.xctest; sourceTree = BUILT_PRODUCTS_DIR; };
		61457BBB1E0EF43C00209325 /* Any_DoTests.swift */ = {isa = PBXFileReference; lastKnownFileType = sourcecode.swift; path = Any_DoTests.swift; sourceTree = "<group>"; };
		61457BBD1E0EF43C00209325 /* Info.plist */ = {isa = PBXFileReference; lastKnownFileType = text.plist.xml; path = Info.plist; sourceTree = "<group>"; };
		61457BC21E0EF43C00209325 /* Any.DoUITests.xctest */ = {isa = PBXFileReference; explicitFileType = wrapper.cfbundle; includeInIndex = 0; path = Any.DoUITests.xctest; sourceTree = BUILT_PRODUCTS_DIR; };
		61457BC61E0EF43C00209325 /* Any_DoUITests.swift */ = {isa = PBXFileReference; lastKnownFileType = sourcecode.swift; path = Any_DoUITests.swift; sourceTree = "<group>"; };
		61457BC81E0EF43C00209325 /* Info.plist */ = {isa = PBXFileReference; lastKnownFileType = text.plist.xml; path = Info.plist; sourceTree = "<group>"; };
		61457BD51E0EF9D400209325 /* ToDo.swift */ = {isa = PBXFileReference; fileEncoding = 4; lastKnownFileType = sourcecode.swift; path = ToDo.swift; sourceTree = "<group>"; };
		61457BD91E0F1E2A00209325 /* ToDoTableViewCell.swift */ = {isa = PBXFileReference; fileEncoding = 4; lastKnownFileType = sourcecode.swift; path = ToDoTableViewCell.swift; sourceTree = "<group>"; };
		61457BDB1E0F1FDF00209325 /* ToDoList.swift */ = {isa = PBXFileReference; fileEncoding = 4; lastKnownFileType = sourcecode.swift; path = ToDoList.swift; sourceTree = "<group>"; };
		61457BE11E0F2A7200209325 /* NewToDoViewController.swift */ = {isa = PBXFileReference; fileEncoding = 4; lastKnownFileType = sourcecode.swift; path = NewToDoViewController.swift; sourceTree = "<group>"; };
		7A09A95CE3128D61D974429A /* Pods-Any.Do.release.xcconfig */ = {isa = PBXFileReference; includeInIndex = 1; lastKnownFileType = text.xcconfig; name = "Pods-Any.Do.release.xcconfig"; path = "Pods/Target Support Files/Pods-Any.Do/Pods-Any.Do.release.xcconfig"; sourceTree = "<group>"; };
		8C606817D3C82EF5277ED58F /* Pods_Any_Do.framework */ = {isa = PBXFileReference; explicitFileType = wrapper.framework; includeInIndex = 0; path = Pods_Any_Do.framework; sourceTree = BUILT_PRODUCTS_DIR; };
		AA609DE473FA6F9DB059EEDD /* Pods-Any.Do.debug.xcconfig */ = {isa = PBXFileReference; includeInIndex = 1; lastKnownFileType = text.xcconfig; name = "Pods-Any.Do.debug.xcconfig"; path = "Pods/Target Support Files/Pods-Any.Do/Pods-Any.Do.debug.xcconfig"; sourceTree = "<group>"; };
		AD690551EAA2DCF515E52711 /* Pods-Any.DoTests.debug.xcconfig */ = {isa = PBXFileReference; includeInIndex = 1; lastKnownFileType = text.xcconfig; name = "Pods-Any.DoTests.debug.xcconfig"; path = "Pods/Target Support Files/Pods-Any.DoTests/Pods-Any.DoTests.debug.xcconfig"; sourceTree = "<group>"; };
		AF3C0D1F7EA225D58835231A /* Pods-Any.DoTests.release.xcconfig */ = {isa = PBXFileReference; includeInIndex = 1; lastKnownFileType = text.xcconfig; name = "Pods-Any.DoTests.release.xcconfig"; path = "Pods/Target Support Files/Pods-Any.DoTests/Pods-Any.DoTests.release.xcconfig"; sourceTree = "<group>"; };
		B0A928B939CE1A0BAA75011A /* Pods-Any.DoUITests.release.xcconfig */ = {isa = PBXFileReference; includeInIndex = 1; lastKnownFileType = text.xcconfig; name = "Pods-Any.DoUITests.release.xcconfig"; path = "Pods/Target Support Files/Pods-Any.DoUITests/Pods-Any.DoUITests.release.xcconfig"; sourceTree = "<group>"; };
		E946E2A657D1126A9B89BDBF /* Pods_Any_DoUITests.framework */ = {isa = PBXFileReference; explicitFileType = wrapper.framework; includeInIndex = 0; path = Pods_Any_DoUITests.framework; sourceTree = BUILT_PRODUCTS_DIR; };
/* End PBXFileReference section */

/* Begin PBXFrameworksBuildPhase section */
		61457BA01E0EF43C00209325 /* Frameworks */ = {
			isa = PBXFrameworksBuildPhase;
			buildActionMask = 2147483647;
			files = (
				116599C10842C9A667FEF7F4 /* Pods_Any_Do.framework in Frameworks */,
			);
			runOnlyForDeploymentPostprocessing = 0;
		};
		61457BB41E0EF43C00209325 /* Frameworks */ = {
			isa = PBXFrameworksBuildPhase;
			buildActionMask = 2147483647;
			files = (
				9FDE32920C2479689283A6C5 /* Pods_Any_DoTests.framework in Frameworks */,
			);
			runOnlyForDeploymentPostprocessing = 0;
		};
		61457BBF1E0EF43C00209325 /* Frameworks */ = {
			isa = PBXFrameworksBuildPhase;
			buildActionMask = 2147483647;
			files = (
				24FB0FD0DC39C2F89F4ACE20 /* Pods_Any_DoUITests.framework in Frameworks */,
			);
			runOnlyForDeploymentPostprocessing = 0;
		};
/* End PBXFrameworksBuildPhase section */

/* Begin PBXGroup section */
		21AA4C6AEB9554C785EB07CD /* Pods */ = {
			isa = PBXGroup;
			children = (
				AA609DE473FA6F9DB059EEDD /* Pods-Any.Do.debug.xcconfig */,
				7A09A95CE3128D61D974429A /* Pods-Any.Do.release.xcconfig */,
				AD690551EAA2DCF515E52711 /* Pods-Any.DoTests.debug.xcconfig */,
				AF3C0D1F7EA225D58835231A /* Pods-Any.DoTests.release.xcconfig */,
				426A112D8D3B4AC5614D5BAA /* Pods-Any.DoUITests.debug.xcconfig */,
				B0A928B939CE1A0BAA75011A /* Pods-Any.DoUITests.release.xcconfig */,
			);
			name = Pods;
			sourceTree = "<group>";
		};
		61457B9A1E0EF43C00209325 = {
			isa = PBXGroup;
			children = (
				61457BA51E0EF43C00209325 /* Any.Do */,
				61457BBA1E0EF43C00209325 /* Any.DoTests */,
				61457BC51E0EF43C00209325 /* Any.DoUITests */,
				61457BA41E0EF43C00209325 /* Products */,
				21AA4C6AEB9554C785EB07CD /* Pods */,
				E7955D0BE2D21E9E2F38A3C3 /* Frameworks */,
			);
			sourceTree = "<group>";
		};
		61457BA41E0EF43C00209325 /* Products */ = {
			isa = PBXGroup;
			children = (
				61457BA31E0EF43C00209325 /* Any.Do.app */,
				61457BB71E0EF43C00209325 /* Any.DoTests.xctest */,
				61457BC21E0EF43C00209325 /* Any.DoUITests.xctest */,
			);
			name = Products;
			sourceTree = "<group>";
		};
		61457BA51E0EF43C00209325 /* Any.Do */ = {
			isa = PBXGroup;
			children = (
				61457BDE1E0F237700209325 /* Storyboards */,
				61457BD71E0EFF6B00209325 /* ViewController */,
				61457BD41E0EF99B00209325 /* Model */,
				61457BA61E0EF43C00209325 /* AppDelegate.swift */,
				61457BAA1E0EF43C00209325 /* Main.storyboard */,
				61457BAD1E0EF43C00209325 /* Assets.xcassets */,
				61457BAF1E0EF43C00209325 /* LaunchScreen.storyboard */,
				61457BB21E0EF43C00209325 /* Info.plist */,
			);
			path = Any.Do;
			sourceTree = "<group>";
		};
		61457BBA1E0EF43C00209325 /* Any.DoTests */ = {
			isa = PBXGroup;
			children = (
				61457BBB1E0EF43C00209325 /* Any_DoTests.swift */,
				61457BBD1E0EF43C00209325 /* Info.plist */,
			);
			path = Any.DoTests;
			sourceTree = "<group>";
		};
		61457BC51E0EF43C00209325 /* Any.DoUITests */ = {
			isa = PBXGroup;
			children = (
				61457BC61E0EF43C00209325 /* Any_DoUITests.swift */,
				61457BC81E0EF43C00209325 /* Info.plist */,
			);
			path = Any.DoUITests;
			sourceTree = "<group>";
		};
		61457BD41E0EF99B00209325 /* Model */ = {
			isa = PBXGroup;
			children = (
				61457BDD1E0F236700209325 /* ToDo */,
			);
			name = Model;
			sourceTree = "<group>";
		};
		61457BD71E0EFF6B00209325 /* ViewController */ = {
			isa = PBXGroup;
			children = (
				61EEC00C1E10472D0097A2C7 /* ToDo */,
				61457BE11E0F2A7200209325 /* NewToDoViewController.swift */,
			);
			name = ViewController;
			sourceTree = "<group>";
		};
		61457BDD1E0F236700209325 /* ToDo */ = {
			isa = PBXGroup;
			children = (
				61457BD51E0EF9D400209325 /* ToDo.swift */,
				61457BDB1E0F1FDF00209325 /* ToDoList.swift */,
			);
			name = ToDo;
			sourceTree = "<group>";
		};
		61457BDE1E0F237700209325 /* Storyboards */ = {
			isa = PBXGroup;
			children = (
			);
			name = Storyboards;
			sourceTree = "<group>";
		};
		61EEC00C1E10472D0097A2C7 /* ToDo */ = {
			isa = PBXGroup;
			children = (
				61457BD91E0F1E2A00209325 /* ToDoTableViewCell.swift */,
				61457BA81E0EF43C00209325 /* ToDoTableViewController.swift */,
			);
			name = ToDo;
			sourceTree = "<group>";
		};
		E7955D0BE2D21E9E2F38A3C3 /* Frameworks */ = {
			isa = PBXGroup;
			children = (
				8C606817D3C82EF5277ED58F /* Pods_Any_Do.framework */,
				5A6CFAD467468A0C82024799 /* Pods_Any_DoTests.framework */,
				E946E2A657D1126A9B89BDBF /* Pods_Any_DoUITests.framework */,
			);
			name = Frameworks;
			sourceTree = "<group>";
		};
/* End PBXGroup section */

/* Begin PBXNativeTarget section */
		61457BA21E0EF43C00209325 /* Any.Do */ = {
			isa = PBXNativeTarget;
			buildConfigurationList = 61457BCB1E0EF43C00209325 /* Build configuration list for PBXNativeTarget "Any.Do" */;
			buildPhases = (
				19FCB389332739DF89EF310E /* [CP] Check Pods Manifest.lock */,
				61457B9F1E0EF43C00209325 /* Sources */,
				61457BA01E0EF43C00209325 /* Frameworks */,
				61457BA11E0EF43C00209325 /* Resources */,
				FF6FA1B9BCA9E53DE85CDD0A /* [CP] Embed Pods Frameworks */,
				787C06CBBB92CA84599353F1 /* [CP] Copy Pods Resources */,
			);
			buildRules = (
			);
			dependencies = (
			);
			name = Any.Do;
			productName = Any.Do;
			productReference = 61457BA31E0EF43C00209325 /* Any.Do.app */;
			productType = "com.apple.product-type.application";
		};
		61457BB61E0EF43C00209325 /* Any.DoTests */ = {
			isa = PBXNativeTarget;
			buildConfigurationList = 61457BCE1E0EF43C00209325 /* Build configuration list for PBXNativeTarget "Any.DoTests" */;
			buildPhases = (
				3BB38922665AFB3FCF510774 /* [CP] Check Pods Manifest.lock */,
				61457BB31E0EF43C00209325 /* Sources */,
				61457BB41E0EF43C00209325 /* Frameworks */,
				61457BB51E0EF43C00209325 /* Resources */,
				91D3621CD79F1F1CC8C3BFAF /* [CP] Embed Pods Frameworks */,
				8CE1061287C6642AEC3650C5 /* [CP] Copy Pods Resources */,
			);
			buildRules = (
			);
			dependencies = (
				61457BB91E0EF43C00209325 /* PBXTargetDependency */,
			);
			name = Any.DoTests;
			productName = Any.DoTests;
			productReference = 61457BB71E0EF43C00209325 /* Any.DoTests.xctest */;
			productType = "com.apple.product-type.bundle.unit-test";
		};
		61457BC11E0EF43C00209325 /* Any.DoUITests */ = {
			isa = PBXNativeTarget;
			buildConfigurationList = 61457BD11E0EF43C00209325 /* Build configuration list for PBXNativeTarget "Any.DoUITests" */;
			buildPhases = (
				CCE1C0050348BB634A49A836 /* [CP] Check Pods Manifest.lock */,
				61457BBE1E0EF43C00209325 /* Sources */,
				61457BBF1E0EF43C00209325 /* Frameworks */,
				61457BC01E0EF43C00209325 /* Resources */,
				BF0F2DF672E8EF009BEA49BA /* [CP] Embed Pods Frameworks */,
				357D25099E10E071C3501ED9 /* [CP] Copy Pods Resources */,
			);
			buildRules = (
			);
			dependencies = (
				61457BC41E0EF43C00209325 /* PBXTargetDependency */,
			);
			name = Any.DoUITests;
			productName = Any.DoUITests;
			productReference = 61457BC21E0EF43C00209325 /* Any.DoUITests.xctest */;
			productType = "com.apple.product-type.bundle.ui-testing";
		};
/* End PBXNativeTarget section */

/* Begin PBXProject section */
		61457B9B1E0EF43C00209325 /* Project object */ = {
			isa = PBXProject;
			attributes = {
				LastSwiftUpdateCheck = 0820;
				LastUpgradeCheck = 0820;
				ORGANIZATIONNAME = pokohide;
				TargetAttributes = {
					61457BA21E0EF43C00209325 = {
						CreatedOnToolsVersion = 8.2;
						ProvisioningStyle = Automatic;
					};
					61457BB61E0EF43C00209325 = {
						CreatedOnToolsVersion = 8.2;
						ProvisioningStyle = Automatic;
						TestTargetID = 61457BA21E0EF43C00209325;
					};
					61457BC11E0EF43C00209325 = {
						CreatedOnToolsVersion = 8.2;
						ProvisioningStyle = Automatic;
						TestTargetID = 61457BA21E0EF43C00209325;
					};
				};
			};
			buildConfigurationList = 61457B9E1E0EF43C00209325 /* Build configuration list for PBXProject "Any.Do" */;
			compatibilityVersion = "Xcode 3.2";
			developmentRegion = English;
			hasScannedForEncodings = 0;
			knownRegions = (
				en,
				Base,
			);
			mainGroup = 61457B9A1E0EF43C00209325;
			productRefGroup = 61457BA41E0EF43C00209325 /* Products */;
			projectDirPath = "";
			projectRoot = "";
			targets = (
				61457BA21E0EF43C00209325 /* Any.Do */,
				61457BB61E0EF43C00209325 /* Any.DoTests */,
				61457BC11E0EF43C00209325 /* Any.DoUITests */,
			);
		};
/* End PBXProject section */

/* Begin PBXResourcesBuildPhase section */
		61457BA11E0EF43C00209325 /* Resources */ = {
			isa = PBXResourcesBuildPhase;
			buildActionMask = 2147483647;
			files = (
				61457BB11E0EF43C00209325 /* LaunchScreen.storyboard in Resources */,
				61457BAE1E0EF43C00209325 /* Assets.xcassets in Resources */,
				61457BAC1E0EF43C00209325 /* Main.storyboard in Resources */,
			);
			runOnlyForDeploymentPostprocessing = 0;
		};
		61457BB51E0EF43C00209325 /* Resources */ = {
			isa = PBXResourcesBuildPhase;
			buildActionMask = 2147483647;
			files = (
			);
			runOnlyForDeploymentPostprocessing = 0;
		};
		61457BC01E0EF43C00209325 /* Resources */ = {
			isa = PBXResourcesBuildPhase;
			buildActionMask = 2147483647;
			files = (
			);
			runOnlyForDeploymentPostprocessing = 0;
		};
/* End PBXResourcesBuildPhase section */

/* Begin PBXShellScriptBuildPhase section */
		19FCB389332739DF89EF310E /* [CP] Check Pods Manifest.lock */ = {
			isa = PBXShellScriptBuildPhase;
			buildActionMask = 2147483647;
			files = (
			);
			inputPaths = (
			);
			name = "[CP] Check Pods Manifest.lock";
			outputPaths = (
			);
			runOnlyForDeploymentPostprocessing = 0;
			shellPath = /bin/sh;
			shellScript = "diff \"${PODS_ROOT}/../Podfile.lock\" \"${PODS_ROOT}/Manifest.lock\" > /dev/null\nif [ $? != 0 ] ; then\n    # print error to STDERR\n    echo \"error: The sandbox is not in sync with the Podfile.lock. Run 'pod install' or update your CocoaPods installation.\" >&2\n    exit 1\nfi\n";
			showEnvVarsInLog = 0;
		};
		357D25099E10E071C3501ED9 /* [CP] Copy Pods Resources */ = {
			isa = PBXShellScriptBuildPhase;
			buildActionMask = 2147483647;
			files = (
			);
			inputPaths = (
			);
			name = "[CP] Copy Pods Resources";
			outputPaths = (
			);
			runOnlyForDeploymentPostprocessing = 0;
			shellPath = /bin/sh;
			shellScript = "\"${SRCROOT}/Pods/Target Support Files/Pods-Any.DoUITests/Pods-Any.DoUITests-resources.sh\"\n";
			showEnvVarsInLog = 0;
		};
		3BB38922665AFB3FCF510774 /* [CP] Check Pods Manifest.lock */ = {
			isa = PBXShellScriptBuildPhase;
			buildActionMask = 2147483647;
			files = (
			);
			inputPaths = (
			);
			name = "[CP] Check Pods Manifest.lock";
			outputPaths = (
			);
			runOnlyForDeploymentPostprocessing = 0;
			shellPath = /bin/sh;
			shellScript = "diff \"${PODS_ROOT}/../Podfile.lock\" \"${PODS_ROOT}/Manifest.lock\" > /dev/null\nif [ $? != 0 ] ; then\n    # print error to STDERR\n    echo \"error: The sandbox is not in sync with the Podfile.lock. Run 'pod install' or update your CocoaPods installation.\" >&2\n    exit 1\nfi\n";
			showEnvVarsInLog = 0;
		};
		787C06CBBB92CA84599353F1 /* [CP] Copy Pods Resources */ = {
			isa = PBXShellScriptBuildPhase;
			buildActionMask = 2147483647;
			files = (
			);
			inputPaths = (
			);
			name = "[CP] Copy Pods Resources";
			outputPaths = (
			);
			runOnlyForDeploymentPostprocessing = 0;
			shellPath = /bin/sh;
			shellScript = "\"${SRCROOT}/Pods/Target Support Files/Pods-Any.Do/Pods-Any.Do-resources.sh\"\n";
			showEnvVarsInLog = 0;
		};
		8CE1061287C6642AEC3650C5 /* [CP] Copy Pods Resources */ = {
			isa = PBXShellScriptBuildPhase;
			buildActionMask = 2147483647;
			files = (
			);
			inputPaths = (
			);
			name = "[CP] Copy Pods Resources";
			outputPaths = (
			);
			runOnlyForDeploymentPostprocessing = 0;
			shellPath = /bin/sh;
			shellScript = "\"${SRCROOT}/Pods/Target Support Files/Pods-Any.DoTests/Pods-Any.DoTests-resources.sh\"\n";
			showEnvVarsInLog = 0;
		};
		91D3621CD79F1F1CC8C3BFAF /* [CP] Embed Pods Frameworks */ = {
			isa = PBXShellScriptBuildPhase;
			buildActionMask = 2147483647;
			files = (
			);
			inputPaths = (
			);
			name = "[CP] Embed Pods Frameworks";
			outputPaths = (
			);
			runOnlyForDeploymentPostprocessing = 0;
			shellPath = /bin/sh;
			shellScript = "\"${SRCROOT}/Pods/Target Support Files/Pods-Any.DoTests/Pods-Any.DoTests-frameworks.sh\"\n";
			showEnvVarsInLog = 0;
		};
		BF0F2DF672E8EF009BEA49BA /* [CP] Embed Pods Frameworks */ = {
			isa = PBXShellScriptBuildPhase;
			buildActionMask = 2147483647;
			files = (
			);
			inputPaths = (
			);
			name = "[CP] Embed Pods Frameworks";
			outputPaths = (
			);
			runOnlyForDeploymentPostprocessing = 0;
			shellPath = /bin/sh;
			shellScript = "\"${SRCROOT}/Pods/Target Support Files/Pods-Any.DoUITests/Pods-Any.DoUITests-frameworks.sh\"\n";
			showEnvVarsInLog = 0;
		};
		CCE1C0050348BB634A49A836 /* [CP] Check Pods Manifest.lock */ = {
			isa = PBXShellScriptBuildPhase;
			buildActionMask = 2147483647;
			files = (
			);
			inputPaths = (
			);
			name = "[CP] Check Pods Manifest.lock";
			outputPaths = (
			);
			runOnlyForDeploymentPostprocessing = 0;
			shellPath = /bin/sh;
			shellScript = "diff \"${PODS_ROOT}/../Podfile.lock\" \"${PODS_ROOT}/Manifest.lock\" > /dev/null\nif [ $? != 0 ] ; then\n    # print error to STDERR\n    echo \"error: The sandbox is not in sync with the Podfile.lock. Run 'pod install' or update your CocoaPods installation.\" >&2\n    exit 1\nfi\n";
			showEnvVarsInLog = 0;
		};
		FF6FA1B9BCA9E53DE85CDD0A /* [CP] Embed Pods Frameworks */ = {
			isa = PBXShellScriptBuildPhase;
			buildActionMask = 2147483647;
			files = (
			);
			inputPaths = (
			);
			name = "[CP] Embed Pods Frameworks";
			outputPaths = (
			);
			runOnlyForDeploymentPostprocessing = 0;
			shellPath = /bin/sh;
			shellScript = "\"${SRCROOT}/Pods/Target Support Files/Pods-Any.Do/Pods-Any.Do-frameworks.sh\"\n";
			showEnvVarsInLog = 0;
		};
/* End PBXShellScriptBuildPhase section */

/* Begin PBXSourcesBuildPhase section */
		61457B9F1E0EF43C00209325 /* Sources */ = {
			isa = PBXSourcesBuildPhase;
			buildActionMask = 2147483647;
			files = (
				61457BD61E0EF9D400209325 /* ToDo.swift in Sources */,
				61457BA91E0EF43C00209325 /* ToDoTableViewController.swift in Sources */,
				61457BDC1E0F1FDF00209325 /* ToDoList.swift in Sources */,
				61457BA71E0EF43C00209325 /* AppDelegate.swift in Sources */,
				61457BDA1E0F1E2A00209325 /* ToDoTableViewCell.swift in Sources */,
				61457BE21E0F2A7200209325 /* NewToDoViewController.swift in Sources */,
			);
			runOnlyForDeploymentPostprocessing = 0;
		};
		61457BB31E0EF43C00209325 /* Sources */ = {
			isa = PBXSourcesBuildPhase;
			buildActionMask = 2147483647;
			files = (
				61457BBC1E0EF43C00209325 /* Any_DoTests.swift in Sources */,
			);
			runOnlyForDeploymentPostprocessing = 0;
		};
		61457BBE1E0EF43C00209325 /* Sources */ = {
			isa = PBXSourcesBuildPhase;
			buildActionMask = 2147483647;
			files = (
				61457BC71E0EF43C00209325 /* Any_DoUITests.swift in Sources */,
			);
			runOnlyForDeploymentPostprocessing = 0;
		};
/* End PBXSourcesBuildPhase section */

/* Begin PBXTargetDependency section */
		61457BB91E0EF43C00209325 /* PBXTargetDependency */ = {
			isa = PBXTargetDependency;
			target = 61457BA21E0EF43C00209325 /* Any.Do */;
			targetProxy = 61457BB81E0EF43C00209325 /* PBXContainerItemProxy */;
		};
		61457BC41E0EF43C00209325 /* PBXTargetDependency */ = {
			isa = PBXTargetDependency;
			target = 61457BA21E0EF43C00209325 /* Any.Do */;
			targetProxy = 61457BC31E0EF43C00209325 /* PBXContainerItemProxy */;
		};
/* End PBXTargetDependency section */

/* Begin PBXVariantGroup section */
		61457BAA1E0EF43C00209325 /* Main.storyboard */ = {
			isa = PBXVariantGroup;
			children = (
				61457BAB1E0EF43C00209325 /* Base */,
			);
			name = Main.storyboard;
			sourceTree = "<group>";
		};
		61457BAF1E0EF43C00209325 /* LaunchScreen.storyboard */ = {
			isa = PBXVariantGroup;
			children = (
				61457BB01E0EF43C00209325 /* Base */,
			);
			name = LaunchScreen.storyboard;
			sourceTree = "<group>";
		};
/* End PBXVariantGroup section */

/* Begin XCBuildConfiguration section */
		61457BC91E0EF43C00209325 /* Debug */ = {
			isa = XCBuildConfiguration;
			buildSettings = {
				ALWAYS_SEARCH_USER_PATHS = NO;
				CLANG_ANALYZER_NONNULL = YES;
				CLANG_CXX_LANGUAGE_STANDARD = "gnu++0x";
				CLANG_CXX_LIBRARY = "libc++";
				CLANG_ENABLE_MODULES = YES;
				CLANG_ENABLE_OBJC_ARC = YES;
				CLANG_WARN_BOOL_CONVERSION = YES;
				CLANG_WARN_CONSTANT_CONVERSION = YES;
				CLANG_WARN_DIRECT_OBJC_ISA_USAGE = YES_ERROR;
				CLANG_WARN_DOCUMENTATION_COMMENTS = YES;
				CLANG_WARN_EMPTY_BODY = YES;
				CLANG_WARN_ENUM_CONVERSION = YES;
				CLANG_WARN_INFINITE_RECURSION = YES;
				CLANG_WARN_INT_CONVERSION = YES;
				CLANG_WARN_OBJC_ROOT_CLASS = YES_ERROR;
				CLANG_WARN_SUSPICIOUS_MOVE = YES;
				CLANG_WARN_UNREACHABLE_CODE = YES;
				CLANG_WARN__DUPLICATE_METHOD_MATCH = YES;
				"CODE_SIGN_IDENTITY[sdk=iphoneos*]" = "iPhone Developer";
				COPY_PHASE_STRIP = NO;
				DEBUG_INFORMATION_FORMAT = dwarf;
				ENABLE_STRICT_OBJC_MSGSEND = YES;
				ENABLE_TESTABILITY = YES;
				GCC_C_LANGUAGE_STANDARD = gnu99;
				GCC_DYNAMIC_NO_PIC = NO;
				GCC_NO_COMMON_BLOCKS = YES;
				GCC_OPTIMIZATION_LEVEL = 0;
				GCC_PREPROCESSOR_DEFINITIONS = (
					"DEBUG=1",
					"$(inherited)",
				);
				GCC_WARN_64_TO_32_BIT_CONVERSION = YES;
				GCC_WARN_ABOUT_RETURN_TYPE = YES_ERROR;
				GCC_WARN_UNDECLARED_SELECTOR = YES;
				GCC_WARN_UNINITIALIZED_AUTOS = YES_AGGRESSIVE;
				GCC_WARN_UNUSED_FUNCTION = YES;
				GCC_WARN_UNUSED_VARIABLE = YES;
				IPHONEOS_DEPLOYMENT_TARGET = 10.2;
				MTL_ENABLE_DEBUG_INFO = YES;
				ONLY_ACTIVE_ARCH = YES;
				SDKROOT = iphoneos;
				SWIFT_ACTIVE_COMPILATION_CONDITIONS = DEBUG;
				SWIFT_OPTIMIZATION_LEVEL = "-Onone";
			};
			name = Debug;
		};
		61457BCA1E0EF43C00209325 /* Release */ = {
			isa = XCBuildConfiguration;
			buildSettings = {
				ALWAYS_SEARCH_USER_PATHS = NO;
				CLANG_ANALYZER_NONNULL = YES;
				CLANG_CXX_LANGUAGE_STANDARD = "gnu++0x";
				CLANG_CXX_LIBRARY = "libc++";
				CLANG_ENABLE_MODULES = YES;
				CLANG_ENABLE_OBJC_ARC = YES;
				CLANG_WARN_BOOL_CONVERSION = YES;
				CLANG_WARN_CONSTANT_CONVERSION = YES;
				CLANG_WARN_DIRECT_OBJC_ISA_USAGE = YES_ERROR;
				CLANG_WARN_DOCUMENTATION_COMMENTS = YES;
				CLANG_WARN_EMPTY_BODY = YES;
				CLANG_WARN_ENUM_CONVERSION = YES;
				CLANG_WARN_INFINITE_RECURSION = YES;
				CLANG_WARN_INT_CONVERSION = YES;
				CLANG_WARN_OBJC_ROOT_CLASS = YES_ERROR;
				CLANG_WARN_SUSPICIOUS_MOVE = YES;
				CLANG_WARN_UNREACHABLE_CODE = YES;
				CLANG_WARN__DUPLICATE_METHOD_MATCH = YES;
				"CODE_SIGN_IDENTITY[sdk=iphoneos*]" = "iPhone Developer";
				COPY_PHASE_STRIP = NO;
				DEBUG_INFORMATION_FORMAT = "dwarf-with-dsym";
				ENABLE_NS_ASSERTIONS = NO;
				ENABLE_STRICT_OBJC_MSGSEND = YES;
				GCC_C_LANGUAGE_STANDARD = gnu99;
				GCC_NO_COMMON_BLOCKS = YES;
				GCC_WARN_64_TO_32_BIT_CONVERSION = YES;
				GCC_WARN_ABOUT_RETURN_TYPE = YES_ERROR;
				GCC_WARN_UNDECLARED_SELECTOR = YES;
				GCC_WARN_UNINITIALIZED_AUTOS = YES_AGGRESSIVE;
				GCC_WARN_UNUSED_FUNCTION = YES;
				GCC_WARN_UNUSED_VARIABLE = YES;
				IPHONEOS_DEPLOYMENT_TARGET = 10.2;
				MTL_ENABLE_DEBUG_INFO = NO;
				SDKROOT = iphoneos;
				SWIFT_OPTIMIZATION_LEVEL = "-Owholemodule";
				VALIDATE_PRODUCT = YES;
			};
			name = Release;
		};
		61457BCC1E0EF43C00209325 /* Debug */ = {
			isa = XCBuildConfiguration;
			baseConfigurationReference = AA609DE473FA6F9DB059EEDD /* Pods-Any.Do.debug.xcconfig */;
			buildSettings = {
				ASSETCATALOG_COMPILER_APPICON_NAME = AppIcon;
				INFOPLIST_FILE = Any.Do/Info.plist;
				LD_RUNPATH_SEARCH_PATHS = "$(inherited) @executable_path/Frameworks";
				PRODUCT_BUNDLE_IDENTIFIER = "pokohide.Any-Do";
				PRODUCT_NAME = "$(TARGET_NAME)";
				SWIFT_VERSION = 3.0;
			};
			name = Debug;
		};
		61457BCD1E0EF43C00209325 /* Release */ = {
			isa = XCBuildConfiguration;
			baseConfigurationReference = 7A09A95CE3128D61D974429A /* Pods-Any.Do.release.xcconfig */;
			buildSettings = {
				ASSETCATALOG_COMPILER_APPICON_NAME = AppIcon;
				INFOPLIST_FILE = Any.Do/Info.plist;
				LD_RUNPATH_SEARCH_PATHS = "$(inherited) @executable_path/Frameworks";
				PRODUCT_BUNDLE_IDENTIFIER = "pokohide.Any-Do";
				PRODUCT_NAME = "$(TARGET_NAME)";
				SWIFT_VERSION = 3.0;
			};
			name = Release;
		};
		61457BCF1E0EF43C00209325 /* Debug */ = {
			isa = XCBuildConfiguration;
			baseConfigurationReference = AD690551EAA2DCF515E52711 /* Pods-Any.DoTests.debug.xcconfig */;
			buildSettings = {
				ALWAYS_EMBED_SWIFT_STANDARD_LIBRARIES = YES;
				BUNDLE_LOADER = "$(TEST_HOST)";
				INFOPLIST_FILE = Any.DoTests/Info.plist;
				LD_RUNPATH_SEARCH_PATHS = "$(inherited) @executable_path/Frameworks @loader_path/Frameworks";
				PRODUCT_BUNDLE_IDENTIFIER = "pokohide.Any-DoTests";
				PRODUCT_NAME = "$(TARGET_NAME)";
				SWIFT_VERSION = 3.0;
				TEST_HOST = "$(BUILT_PRODUCTS_DIR)/Any.Do.app/Any.Do";
			};
			name = Debug;
		};
		61457BD01E0EF43C00209325 /* Release */ = {
			isa = XCBuildConfiguration;
			baseConfigurationReference = AF3C0D1F7EA225D58835231A /* Pods-Any.DoTests.release.xcconfig */;
			buildSettings = {
				ALWAYS_EMBED_SWIFT_STANDARD_LIBRARIES = YES;
				BUNDLE_LOADER = "$(TEST_HOST)";
				INFOPLIST_FILE = Any.DoTests/Info.plist;
				LD_RUNPATH_SEARCH_PATHS = "$(inherited) @executable_path/Frameworks @loader_path/Frameworks";
				PRODUCT_BUNDLE_IDENTIFIER = "pokohide.Any-DoTests";
				PRODUCT_NAME = "$(TARGET_NAME)";
				SWIFT_VERSION = 3.0;
				TEST_HOST = "$(BUILT_PRODUCTS_DIR)/Any.Do.app/Any.Do";
			};
			name = Release;
		};
		61457BD21E0EF43C00209325 /* Debug */ = {
			isa = XCBuildConfiguration;
			baseConfigurationReference = 426A112D8D3B4AC5614D5BAA /* Pods-Any.DoUITests.debug.xcconfig */;
			buildSettings = {
				ALWAYS_EMBED_SWIFT_STANDARD_LIBRARIES = YES;
				INFOPLIST_FILE = Any.DoUITests/Info.plist;
				LD_RUNPATH_SEARCH_PATHS = "$(inherited) @executable_path/Frameworks @loader_path/Frameworks";
				PRODUCT_BUNDLE_IDENTIFIER = "pokohide.Any-DoUITests";
				PRODUCT_NAME = "$(TARGET_NAME)";
				SWIFT_VERSION = 3.0;
				TEST_TARGET_NAME = Any.Do;
			};
			name = Debug;
		};
		61457BD31E0EF43C00209325 /* Release */ = {
			isa = XCBuildConfiguration;
			baseConfigurationReference = B0A928B939CE1A0BAA75011A /* Pods-Any.DoUITests.release.xcconfig */;
			buildSettings = {
				ALWAYS_EMBED_SWIFT_STANDARD_LIBRARIES = YES;
				INFOPLIST_FILE = Any.DoUITests/Info.plist;
				LD_RUNPATH_SEARCH_PATHS = "$(inherited) @executable_path/Frameworks @loader_path/Frameworks";
				PRODUCT_BUNDLE_IDENTIFIER = "pokohide.Any-DoUITests";
				PRODUCT_NAME = "$(TARGET_NAME)";
				SWIFT_VERSION = 3.0;
				TEST_TARGET_NAME = Any.Do;
			};
			name = Release;
		};
/* End XCBuildConfiguration section */

/* Begin XCConfigurationList section */
		61457B9E1E0EF43C00209325 /* Build configuration list for PBXProject "Any.Do" */ = {
			isa = XCConfigurationList;
			buildConfigurations = (
				61457BC91E0EF43C00209325 /* Debug */,
				61457BCA1E0EF43C00209325 /* Release */,
			);
			defaultConfigurationIsVisible = 0;
			defaultConfigurationName = Release;
		};
		61457BCB1E0EF43C00209325 /* Build configuration list for PBXNativeTarget "Any.Do" */ = {
			isa = XCConfigurationList;
			buildConfigurations = (
				61457BCC1E0EF43C00209325 /* Debug */,
				61457BCD1E0EF43C00209325 /* Release */,
			);
			defaultConfigurationIsVisible = 0;
			defaultConfigurationName = Release;
		};
		61457BCE1E0EF43C00209325 /* Build configuration list for PBXNativeTarget "Any.DoTests" */ = {
			isa = XCConfigurationList;
			buildConfigurations = (
				61457BCF1E0EF43C00209325 /* Debug */,
				61457BD01E0EF43C00209325 /* Release */,
			);
			defaultConfigurationIsVisible = 0;
			defaultConfigurationName = Release;
		};
		61457BD11E0EF43C00209325 /* Build configuration list for PBXNativeTarget "Any.DoUITests" */ = {
			isa = XCConfigurationList;
			buildConfigurations = (
				61457BD21E0EF43C00209325 /* Debug */,
				61457BD31E0EF43C00209325 /* Release */,
			);
			defaultConfigurationIsVisible = 0;
			defaultConfigurationName = Release;
		};
/* End XCConfigurationList section */
	};
	rootObject = 61457B9B1E0EF43C00209325 /* Project object */;
}
